<Project xmlns="http://schemas.microsoft.com/developer/msbuild/2003">
    <PropertyGroup>
        <ProjectGuid>{F4FAF0B9-77C0-4B21-99EC-1B7100F42D62}</ProjectGuid>
        <ProjectVersion>15.1</ProjectVersion>
        <FrameworkType>VCL</FrameworkType>
        <MainSource>videoconverter.dpr</MainSource>
        <Base>True</Base>
        <Config Condition="'$(Config)'==''">Debug</Config>
        <Platform Condition="'$(Platform)'==''">Win64</Platform>
        <TargetedPlatforms>3</TargetedPlatforms>
        <AppType>Application</AppType>
    </PropertyGroup>
    <PropertyGroup Condition="'$(Config)'=='Base' or '$(Base)'!=''">
        <Base>true</Base>
    </PropertyGroup>
    <PropertyGroup Condition="('$(Platform)'=='Win32' and '$(Base)'=='true') or '$(Base_Win32)'!=''">
        <Base_Win32>true</Base_Win32>
        <CfgParent>Base</CfgParent>
        <Base>true</Base>
    </PropertyGroup>
    <PropertyGroup Condition="('$(Platform)'=='Win64' and '$(Base)'=='true') or '$(Base_Win64)'!=''">
        <Base_Win64>true</Base_Win64>
        <CfgParent>Base</CfgParent>
        <Base>true</Base>
    </PropertyGroup>
    <PropertyGroup Condition="'$(Config)'=='Debug' or '$(Cfg_1)'!=''">
        <Cfg_1>true</Cfg_1>
        <CfgParent>Base</CfgParent>
        <Base>true</Base>
    </PropertyGroup>
    <PropertyGroup Condition="('$(Platform)'=='Win32' and '$(Cfg_1)'=='true') or '$(Cfg_1_Win32)'!=''">
        <Cfg_1_Win32>true</Cfg_1_Win32>
        <CfgParent>Cfg_1</CfgParent>
        <Cfg_1>true</Cfg_1>
        <Base>true</Base>
    </PropertyGroup>
    <PropertyGroup Condition="'$(Config)'=='Release' or '$(Cfg_2)'!=''">
        <Cfg_2>true</Cfg_2>
        <CfgParent>Base</CfgParent>
        <Base>true</Base>
    </PropertyGroup>
    <PropertyGroup Condition="'$(Base)'!=''">
        <VerInfo_Build>1</VerInfo_Build>
        <VerInfo_IncludeVerInfo>true</VerInfo_IncludeVerInfo>
        <VerInfo_MajorVer>0</VerInfo_MajorVer>
        <VerInfo_Release>1</VerInfo_Release>
        <VerInfo_Keys>CompanyName=http://www.vmeisoft.com;FileDescription=VMeisoft Video Converter and Video Editor;FileVersion=0.0.1.1;InternalName=VMeisoft Video Converter and Video Editor;LegalCopyright=http://www.vmeisoft.com;LegalTrademarks=http://www.vmeisoft.com;OriginalFilename=VMeisoft Video Converter and Video Editor;ProductName=VMeisoft Video Converter and Video Editor;ProductVersion=0.0.1.1;Comments=http://www.vmeisoft.com</VerInfo_Keys>
        <DCC_UnitSearchPath>E:\Delphi\Component;$(DCC_UnitSearchPath)</DCC_UnitSearchPath>
        <Manifest_File>$(BDS)\bin\default_app.manifest</Manifest_File>
        <VerInfo_Locale>1033</VerInfo_Locale>
        <DCC_Namespace>System;Xml;Data;Datasnap;Web;Soap;Vcl;Vcl.Imaging;Vcl.Touch;Vcl.Samples;Vcl.Shell;$(DCC_Namespace)</DCC_Namespace>
        <Icon_MainIcon>$(BDS)\bin\delphi_PROJECTICON.ico</Icon_MainIcon>
        <DCC_UsePackage>bindcompfmx;CustomIPTransport;dsnap;rtl;dbrtl;bindcomp;inet;xmlrtl;inetdbxpress;bindengine;soaprtl;$(DCC_UsePackage)</DCC_UsePackage>
        <DCC_DcuOutput>.\$(Platform)\$(Config)</DCC_DcuOutput>
        <DCC_ExeOutput>.\$(Platform)\$(Config)</DCC_ExeOutput>
    </PropertyGroup>
    <PropertyGroup Condition="'$(Base_Win32)'!=''">
        <Icon_MainIcon>VideoConverter.ico</Icon_MainIcon>
        <DCC_UsePackage>bindcompvcl;vclie;vcltouch;vclribbon;VclSmp;vcl;inetdbbde;Components;vclx;svnui;svn;vclimg;Shockwave;vclactnband;Flash;$(DCC_UsePackage)</DCC_UsePackage>
        <DCC_Namespace>Winapi;System.Win;Data.Win;Datasnap.Win;Web.Win;Soap.Win;Xml.Win;Bde;$(DCC_Namespace)</DCC_Namespace>
    </PropertyGroup>
    <PropertyGroup Condition="'$(Base_Win64)'!=''">
        <Icon_MainIcon>VideoConverter.ico</Icon_MainIcon>
        <DCC_Namespace>Winapi;System.Win;Data.Win;Datasnap.Win;Web.Win;Soap.Win;Xml.Win;$(DCC_Namespace)</DCC_Namespace>
        <DCC_UsePackage>bindcompvcl;vclie;vcltouch;VclSmp;vcl;vclx;vclimg;vclactnband;$(DCC_UsePackage)</DCC_UsePackage>
    </PropertyGroup>
    <PropertyGroup Condition="'$(Cfg_1)'!=''">
        <DCC_Define>DEBUG;$(DCC_Define)</DCC_Define>
        <DCC_Optimize>false</DCC_Optimize>
        <DCC_GenerateStackFrames>true</DCC_GenerateStackFrames>
        <DCC_DebugInfoInExe>true</DCC_DebugInfoInExe>
        <DCC_RemoteDebug>true</DCC_RemoteDebug>
    </PropertyGroup>
    <PropertyGroup Condition="'$(Cfg_1_Win32)'!=''">
        <Manifest_File>$(BDS)\bin\default_app.manifest</Manifest_File>
        <VerInfo_IncludeVerInfo>true</VerInfo_IncludeVerInfo>
        <VerInfo_Locale>1033</VerInfo_Locale>
        <DCC_RemoteDebug>false</DCC_RemoteDebug>
    </PropertyGroup>
    <PropertyGroup Condition="'$(Cfg_2)'!=''">
        <DCC_LocalDebugSymbols>false</DCC_LocalDebugSymbols>
        <DCC_Define>RELEASE;$(DCC_Define)</DCC_Define>
        <DCC_SymbolReferenceInfo>0</DCC_SymbolReferenceInfo>
        <DCC_DebugInformation>0</DCC_DebugInformation>
    </PropertyGroup>
    <ItemGroup>
        <DelphiCompile Include="$(MainSource)">
            <MainSource>MainSource</MainSource>
        </DelphiCompile>
        <DCCReference Include="About.pas">
            <Form>frmAbout</Form>
        </DCCReference>
        <DCCReference Include="CodecSettings.pas">
            <Form>frmCodecSettings</Form>
        </DCCReference>
        <DCCReference Include="FileInformation.pas">
            <Form>frmMediaInfo</Form>
        </DCCReference>
        <DCCReference Include="Flash.pas">
            <Form>frmFlash</Form>
        </DCCReference>
        <DCCReference Include="ItemView.pas">
            <Form>frmItem</Form>
        </DCCReference>
        <DCCReference Include="Main.pas">
            <Form>frmMain</Form>
        </DCCReference>
        <DCCReference Include="Profile.pas"/>
        <DCCReference Include="VideoConverterInt.pas"/>
        <DCCReference Include="Functions.pas"/>
        <DCCReference Include="Defines.pas"/>
        <DCCReference Include="ImageResource.pas"/>
        <DCCReference Include="LogFile.pas"/>
        <DCCReference Include="CommonData.pas"/>
        <DCCReference Include="VideoEffectInt.pas"/>
        <DCCReference Include="VideoPlayer.pas">
            <Form>frmVideoPlayer</Form>
        </DCCReference>
        <DCCReference Include="EffectEditor.pas">
            <Form>frmEffect</Form>
        </DCCReference>
        <DCCReference Include="CutMedia.pas">
            <Form>frmCut</Form>
        </DCCReference>
        <DCCReference Include="SelectMode.pas">
            <Form>frmSelectMode</Form>
        </DCCReference>
        <DCCReference Include="Options.pas">
            <Form>frmOptions</Form>
        </DCCReference>
        <DCCReference Include="Merge.pas">
            <Form>frmMerge</Form>
        </DCCReference>
        <DCCReference Include="Processing.pas">
            <Form>frmProcessing</Form>
        </DCCReference>
        <DCCReference Include="Subtitle.pas">
            <Form>frmSubtitle</Form>
            <FormType>dfm</FormType>
        </DCCReference>
        <DCCReference Include="SubtitleEdit.pas">
            <Form>frmSubtitleEdit</Form>
            <FormType>dfm</FormType>
        </DCCReference>
        <DCCReference Include="SubtitleInt.pas"/>
        <DCCReference Include="SubtitleSettings.pas">
            <Form>frmSubtitleSettings</Form>
            <FormType>dfm</FormType>
        </DCCReference>
        <DCCReference Include="SubtitleText.pas">
            <Form>frmSubtitleText</Form>
        </DCCReference>
        <DCCReference Include="DemoWindow.pas">
            <Form>frmDemo</Form>
            <FormType>dfm</FormType>
        </DCCReference>
        <DCCReference Include="AudioSettings.pas">
            <Form>frmAudioSettings</Form>
        </DCCReference>
        <DCCReference Include="Recording.pas">
            <Form>frmRecording</Form>
            <FormType>dfm</FormType>
        </DCCReference>
        <DCCReference Include="SubtitleSelection.pas">
            <Form>frmSubtitleSelection</Form>
            <FormType>dfm</FormType>
        </DCCReference>
        <BuildConfiguration Include="Release">
            <Key>Cfg_2</Key>
            <CfgParent>Base</CfgParent>
        </BuildConfiguration>
        <BuildConfiguration Include="Base">
            <Key>Base</Key>
        </BuildConfiguration>
        <BuildConfiguration Include="Debug">
            <Key>Cfg_1</Key>
            <CfgParent>Base</CfgParent>
        </BuildConfiguration>
    </ItemGroup>
    <ProjectExtensions>
        <Borland.Personality>Delphi.Personality.12</Borland.Personality>
        <Borland.ProjectType/>
        <BorlandProject>
            <Delphi.Personality>
                <VersionInfo>
                    <VersionInfo Name="IncludeVerInfo">False</VersionInfo>
                    <VersionInfo Name="AutoIncBuild">False</VersionInfo>
                    <VersionInfo Name="MajorVer">1</VersionInfo>
                    <VersionInfo Name="MinorVer">0</VersionInfo>
                    <VersionInfo Name="Release">0</VersionInfo>
                    <VersionInfo Name="Build">0</VersionInfo>
                    <VersionInfo Name="Debug">False</VersionInfo>
                    <VersionInfo Name="PreRelease">False</VersionInfo>
                    <VersionInfo Name="Special">False</VersionInfo>
                    <VersionInfo Name="Private">False</VersionInfo>
                    <VersionInfo Name="DLL">False</VersionInfo>
                    <VersionInfo Name="Locale">2052</VersionInfo>
                    <VersionInfo Name="CodePage">936</VersionInfo>
                </VersionInfo>
                <VersionInfoKeys>
                    <VersionInfoKeys Name="CompanyName"/>
                    <VersionInfoKeys Name="FileDescription"/>
                    <VersionInfoKeys Name="FileVersion">1.0.0.0</VersionInfoKeys>
                    <VersionInfoKeys Name="InternalName"/>
                    <VersionInfoKeys Name="LegalCopyright"/>
                    <VersionInfoKeys Name="LegalTrademarks"/>
                    <VersionInfoKeys Name="OriginalFilename"/>
                    <VersionInfoKeys Name="ProductName"/>
                    <VersionInfoKeys Name="ProductVersion">1.0.0.0</VersionInfoKeys>
                    <VersionInfoKeys Name="Comments"/>
                </VersionInfoKeys>
                <Excluded_Packages/>
                <Source>
                    <Source Name="MainSource">videoconverter.dpr</Source>
                </Source>
            </Delphi.Personality>
            <Deployment/>
            <Platforms>
                <Platform value="Win32">True</Platform>
                <Platform value="Win64">True</Platform>
            </Platforms>
        </BorlandProject>
        <ProjectFileVersion>12</ProjectFileVersion>
    </ProjectExtensions>
    <Import Condition="Exists('$(BDS)\Bin\CodeGear.Delphi.Targets')" Project="$(BDS)\Bin\CodeGear.Delphi.Targets"/>
    <Import Condition="Exists('$(APPDATA)\Embarcadero\$(BDSAPPDATABASEDIR)\$(PRODUCTVERSION)\UserTools.proj')" Project="$(APPDATA)\Embarcadero\$(BDSAPPDATABASEDIR)\$(PRODUCTVERSION)\UserTools.proj"/>
</Project>
